
Microsoft Visual Studio Solution File, Format Version 12.00
# Visual Studio 2017
Project("{FAE04EC0-301F-11D3-BF4B-00C04F79EFBC}") = "Curse Gold", "Curse Gold.csproj", "{12A87113-8718-60A5-1E0F-2B64F76D1F9C}"
EndProject
Project("{FAE04EC0-301F-11D3-BF4B-00C04F79EFBC}") = "Curse Gold.Editor", "Curse Gold.Editor.csproj", "{8348512C-E90B-3CFB-CC8F-6A8A436429F6}"
EndProject
Global
	GlobalSection(SolutionConfigurationPlatforms) = preSolution
		Debug|Any CPU = Debug|Any CPU
		Release|Any CPU = Release|Any CPU
	EndGlobalSection
	GlobalSection(ProjectConfigurationPlatforms) = postSolution
		{12A87113-8718-60A5-1E0F-2B64F76D1F9C}.Debug|Any CPU.ActiveCfg = Debug|Any CPU
		{12A87113-8718-60A5-1E0F-2B64F76D1F9C}.Debug|Any CPU.Build.0 = Debug|Any CPU
		{12A87113-8718-60A5-1E0F-2B64F76D1F9C}.Release|Any CPU.ActiveCfg = Release|Any CPU
		{12A87113-8718-60A5-1E0F-2B64F76D1F9C}.Release|Any CPU.Build.0 = Release|Any CPU
		{8348512C-E90B-3CFB-CC8F-6A8A436429F6}.Debug|Any CPU.ActiveCfg = Debug|Any CPU
		{8348512C-E90B-3CFB-CC8F-6A8A436429F6}.Debug|Any CPU.Build.0 = Debug|Any CPU
		{8348512C-E90B-3CFB-CC8F-6A8A436429F6}.Release|Any CPU.ActiveCfg = Release|Any CPU
		{8348512C-E90B-3CFB-CC8F-6A8A436429F6}.Release|Any CPU.Build.0 = Release|Any CPU
	EndGlobalSection
	GlobalSection(SolutionProperties) = preSolution
		HideSolutionNode = FALSE
	EndGlobalSection
EndGlobal
